// !$*UTF8*$!
{
	archiveVersion = 1;
	classes = {
	};
	objectVersion = 52;
	objects = {

/* Begin PBXBuildFile section */
		4EEE65F7245EC8DE00008CB1 /* AppDelegate.swift in Sources */ = {isa = PBXBuildFile; fileRef = 4EEE65F6245EC8DE00008CB1 /* AppDelegate.swift */; };
		4EEE65F9245EC8DE00008CB1 /* ViewController.swift in Sources */ = {isa = PBXBuildFile; fileRef = 4EEE65F8245EC8DE00008CB1 /* ViewController.swift */; };
		4EEE65FB245EC8E100008CB1 /* Assets.xcassets in Resources */ = {isa = PBXBuildFile; fileRef = 4EEE65FA245EC8E100008CB1 /* Assets.xcassets */; };
		4EEE65FE245EC8E100008CB1 /* Main.storyboard in Resources */ = {isa = PBXBuildFile; fileRef = 4EEE65FC245EC8E100008CB1 /* Main.storyboard */; };
		4EEE6608245ED20A00008CB1 /* FileObjects.swift in Sources */ = {isa = PBXBuildFile; fileRef = 4EEE6607245ED20A00008CB1 /* FileObjects.swift */; };
		4EEE660B245ED2B600008CB1 /* Alamofire in Frameworks */ = {isa = PBXBuildFile; productRef = 4EEE660A245ED2B600008CB1 /* Alamofire */; };
		4EEE660D245EEE2100008CB1 /* SharedRef.swift in Sources */ = {isa = PBXBuildFile; fileRef = 4EEE660C245EEE2100008CB1 /* SharedRef.swift */; };
		4EEE660F245EF30400008CB1 /* bell.mp3 in Resources */ = {isa = PBXBuildFile; fileRef = 4EEE660E245EF30400008CB1 /* bell.mp3 */; };
/* End PBXBuildFile section */

/* Begin PBXFileReference section */
		4EEE65F3245EC8DE00008CB1 /* narru.app */ = {isa = PBXFileReference; explicitFileType = wrapper.application; includeInIndex = 0; path = narru.app; sourceTree = BUILT_PRODUCTS_DIR; };
		4EEE65F6245EC8DE00008CB1 /* AppDelegate.swift */ = {isa = PBXFileReference; lastKnownFileType = sourcecode.swift; path = AppDelegate.swift; sourceTree = "<group>"; };
		4EEE65F8245EC8DE00008CB1 /* ViewController.swift */ = {isa = PBXFileReference; lastKnownFileType = sourcecode.swift; path = ViewController.swift; sourceTree = "<group>"; };
		4EEE65FA245EC8E100008CB1 /* Assets.xcassets */ = {isa = PBXFileReference; lastKnownFileType = folder.assetcatalog; path = Assets.xcassets; sourceTree = "<group>"; };
		4EEE65FD245EC8E100008CB1 /* Base */ = {isa = PBXFileReference; lastKnownFileType = file.storyboard; name = Base; path = Base.lproj/Main.storyboard; sourceTree = "<group>"; };
		4EEE65FF245EC8E100008CB1 /* Info.plist */ = {isa = PBXFileReference; lastKnownFileType = text.plist.xml; path = Info.plist; sourceTree = "<group>"; };
		4EEE6600245EC8E100008CB1 /* narru.entitlements */ = {isa = PBXFileReference; lastKnownFileType = text.plist.entitlements; path = narru.entitlements; sourceTree = "<group>"; };
		4EEE6607245ED20A00008CB1 /* FileObjects.swift */ = {isa = PBXFileReference; lastKnownFileType = sourcecode.swift; path = FileObjects.swift; sourceTree = "<group>"; };
		4EEE660C245EEE2100008CB1 /* SharedRef.swift */ = {isa = PBXFileReference; lastKnownFileType = sourcecode.swift; path = SharedRef.swift; sourceTree = "<group>"; };
		4EEE660E245EF30400008CB1 /* bell.mp3 */ = {isa = PBXFileReference; lastKnownFileType = audio.mp3; path = bell.mp3; sourceTree = "<group>"; };
/* End PBXFileReference section */

/* Begin PBXFrameworksBuildPhase section */
		4EEE65F0245EC8DE00008CB1 /* Frameworks */ = {
			isa = PBXFrameworksBuildPhase;
			buildActionMask = 2147483647;
			files = (
				4EEE660B245ED2B600008CB1 /* Alamofire in Frameworks */,
			);
			runOnlyForDeploymentPostprocessing = 0;
		};
/* End PBXFrameworksBuildPhase section */

/* Begin PBXGroup section */
		4EEE65EA245EC8DE00008CB1 = {
			isa = PBXGroup;
			children = (
				4EEE65F5245EC8DE00008CB1 /* narru */,
				4EEE65F4245EC8DE00008CB1 /* Products */,
			);
			sourceTree = "<group>";
		};
		4EEE65F4245EC8DE00008CB1 /* Products */ = {
			isa = PBXGroup;
			children = (
				4EEE65F3245EC8DE00008CB1 /* narru.app */,
			);
			name = Products;
			sourceTree = "<group>";
		};
		4EEE65F5245EC8DE00008CB1 /* narru */ = {
			isa = PBXGroup;
			children = (
				4EEE660E245EF30400008CB1 /* bell.mp3 */,
				4EEE6606245ECA1500008CB1 /* Store */,
				4EEE65F6245EC8DE00008CB1 /* AppDelegate.swift */,
				4EEE6607245ED20A00008CB1 /* FileObjects.swift */,
				4EEE660C245EEE2100008CB1 /* SharedRef.swift */,
				4EEE65F8245EC8DE00008CB1 /* ViewController.swift */,
				4EEE65FA245EC8E100008CB1 /* Assets.xcassets */,
				4EEE65FC245EC8E100008CB1 /* Main.storyboard */,
				4EEE65FF245EC8E100008CB1 /* Info.plist */,
				4EEE6600245EC8E100008CB1 /* narru.entitlements */,
			);
			path = narru;
			sourceTree = "<group>";
		};
		4EEE6606245ECA1500008CB1 /* Store */ = {
			isa = PBXGroup;
			children = (
			);
			path = Store;
			sourceTree = "<group>";
		};
/* End PBXGroup section */

/* Begin PBXNativeTarget section */
		4EEE65F2245EC8DE00008CB1 /* narru */ = {
			isa = PBXNativeTarget;
			buildConfigurationList = 4EEE6603245EC8E100008CB1 /* Build configuration list for PBXNativeTarget "narru" */;
			buildPhases = (
				4EEE65EF245EC8DE00008CB1 /* Sources */,
				4EEE65F0245EC8DE00008CB1 /* Frameworks */,
				4EEE65F1245EC8DE00008CB1 /* Resources */,
			);
			buildRules = (
			);
			dependencies = (
			);
			name = narru;
			packageProductDependencies = (
				4EEE660A245ED2B600008CB1 /* Alamofire */,
			);
			productName = narru;
			productReference = 4EEE65F3245EC8DE00008CB1 /* narru.app */;
			productType = "com.apple.product-type.application";
		};
/* End PBXNativeTarget section */

/* Begin PBXProject section */
		4EEE65EB245EC8DE00008CB1 /* Project object */ = {
			isa = PBXProject;
			attributes = {
				LastSwiftUpdateCheck = 1140;
				LastUpgradeCheck = 1140;
				ORGANIZATIONNAME = narru;
				TargetAttributes = {
					4EEE65F2245EC8DE00008CB1 = {
						CreatedOnToolsVersion = 11.4.1;
					};
				};
			};
			buildConfigurationList = 4EEE65EE245EC8DE00008CB1 /* Build configuration list for PBXProject "narru" */;
			compatibilityVersion = "Xcode 9.3";
			developmentRegion = en;
			hasScannedForEncodings = 0;
			knownRegions = (
				en,
				Base,
			);
			mainGroup = 4EEE65EA245EC8DE00008CB1;
			packageReferences = (
				4EEE6609245ED2B600008CB1 /* XCRemoteSwiftPackageReference "Alamofire" */,
			);
			productRefGroup = 4EEE65F4245EC8DE00008CB1 /* Products */;
			projectDirPath = "";
			projectRoot = "";
			targets = (
				4EEE65F2245EC8DE00008CB1 /* narru */,
			);
		};
/* End PBXProject section */

/* Begin PBXResourcesBuildPhase section */
		4EEE65F1245EC8DE00008CB1 /* Resources */ = {
			isa = PBXResourcesBuildPhase;
			buildActionMask = 2147483647;
			files = (
				4EEE65FB245EC8E100008CB1 /* Assets.xcassets in Resources */,
				4EEE65FE245EC8E100008CB1 /* Main.storyboard in Resources */,
				4EEE660F245EF30400008CB1 /* bell.mp3 in Resources */,
			);
			runOnlyForDeploymentPostprocessing = 0;
		};
/* End PBXResourcesBuildPhase section */

/* Begin PBXSourcesBuildPhase section */
		4EEE65EF245EC8DE00008CB1 /* Sources */ = {
			isa = PBXSourcesBuildPhase;
			buildActionMask = 2147483647;
			files = (
				4EEE6608245ED20A00008CB1 /* FileObjects.swift in Sources */,
				4EEE65F9245EC8DE00008CB1 /* ViewController.swift in Sources */,
				4EEE660D245EEE2100008CB1 /* SharedRef.swift in Sources */,
				4EEE65F7245EC8DE00008CB1 /* AppDelegate.swift in Sources */,
			);
			runOnlyForDeploymentPostprocessing = 0;
		};
/* End PBXSourcesBuildPhase section */

/* Begin PBXVariantGroup section */
		4EEE65FC245EC8E100008CB1 /* Main.storyboard */ = {
			isa = PBXVariantGroup;
			children = (
				4EEE65FD245EC8E100008CB1 /* Base */,
			);
			name = Main.storyboard;
			sourceTree = "<group>";
		};
/* End PBXVariantGroup section */

/* Begin XCBuildConfiguration section */
		4EEE6601245EC8E100008CB1 /* Debug */ = {
			isa = XCBuildConfiguration;
			buildSettings = {
				ALWAYS_SEARCH_USER_PATHS = NO;
				CLANG_ANALYZER_NONNULL = YES;
				CLANG_ANALYZER_NUMBER_OBJECT_CONVERSION = YES_AGGRESSIVE;
				CLANG_CXX_LANGUAGE_STANDARD = "gnu++14";
				CLANG_CXX_LIBRARY = "libc++";
				CLANG_ENABLE_MODULES = YES;
				CLANG_ENABLE_OBJC_ARC = YES;
				CLANG_ENABLE_OBJC_WEAK = YES;
				CLANG_WARN_BLOCK_CAPTURE_AUTORELEASING = YES;
				CLANG_WARN_BOOL_CONVERSION = YES;
				CLANG_WARN_COMMA = YES;
				CLANG_WARN_CONSTANT_CONVERSION = YES;
				CLANG_WARN_DEPRECATED_OBJC_IMPLEMENTATIONS = YES;
				CLANG_WARN_DIRECT_OBJC_ISA_USAGE = YES_ERROR;
				CLANG_WARN_DOCUMENTATION_COMMENTS = YES;
				CLANG_WARN_EMPTY_BODY = YES;
				CLANG_WARN_ENUM_CONVERSION = YES;
				CLANG_WARN_INFINITE_RECURSION = YES;
				CLANG_WARN_INT_CONVERSION = YES;
				CLANG_WARN_NON_LITERAL_NULL_CONVERSION = YES;
				CLANG_WARN_OBJC_IMPLICIT_RETAIN_SELF = YES;
				CLANG_WARN_OBJC_LITERAL_CONVERSION = YES;
				CLANG_WARN_OBJC_ROOT_CLASS = YES_ERROR;
				CLANG_WARN_RANGE_LOOP_ANALYSIS = YES;
				CLANG_WARN_STRICT_PROTOTYPES = YES;
				CLANG_WARN_SUSPICIOUS_MOVE = YES;
				CLANG_WARN_UNGUARDED_AVAILABILITY = YES_AGGRESSIVE;
				CLANG_WARN_UNREACHABLE_CODE = YES;
				CLANG_WARN__DUPLICATE_METHOD_MATCH = YES;
				COPY_PHASE_STRIP = NO;
				DEBUG_INFORMATION_FORMAT = dwarf;
				ENABLE_STRICT_OBJC_MSGSEND = YES;
				ENABLE_TESTABILITY = YES;
				GCC_C_LANGUAGE_STANDARD = gnu11;
				GCC_DYNAMIC_NO_PIC = NO;
				GCC_NO_COMMON_BLOCKS = YES;
				GCC_OPTIMIZATION_LEVEL = 0;
				GCC_PREPROCESSOR_DEFINITIONS = (
					"DEBUG=1",
					"$(inherited)",
				);
				GCC_WARN_64_TO_32_BIT_CONVERSION = YES;
				GCC_WARN_ABOUT_RETURN_TYPE = YES_ERROR;
				GCC_WARN_UNDECLARED_SELECTOR = YES;
				GCC_WARN_UNINITIALIZED_AUTOS = YES_AGGRESSIVE;
				GCC_WARN_UNUSED_FUNCTION = YES;
				GCC_WARN_UNUSED_VARIABLE = YES;
				MACOSX_DEPLOYMENT_TARGET = 10.15;
				MTL_ENABLE_DEBUG_INFO = INCLUDE_SOURCE;
				MTL_FAST_MATH = YES;
				ONLY_ACTIVE_ARCH = YES;
				SDKROOT = macosx;
				SWIFT_ACTIVE_COMPILATION_CONDITIONS = DEBUG;
				SWIFT_OPTIMIZATION_LEVEL = "-Onone";
			};
			name = Debug;
		};
		4EEE6602245EC8E100008CB1 /* Release */ = {
			isa = XCBuildConfiguration;
			buildSettings = {
				ALWAYS_SEARCH_USER_PATHS = NO;
				CLANG_ANALYZER_NONNULL = YES;
				CLANG_ANALYZER_NUMBER_OBJECT_CONVERSION = YES_AGGRESSIVE;
				CLANG_CXX_LANGUAGE_STANDARD = "gnu++14";
				CLANG_CXX_LIBRARY = "libc++";
				CLANG_ENABLE_MODULES = YES;
				CLANG_ENABLE_OBJC_ARC = YES;
				CLANG_ENABLE_OBJC_WEAK = YES;
				CLANG_WARN_BLOCK_CAPTURE_AUTORELEASING = YES;
				CLANG_WARN_BOOL_CONVERSION = YES;
				CLANG_WARN_COMMA = YES;
				CLANG_WARN_CONSTANT_CONVERSION = YES;
				CLANG_WARN_DEPRECATED_OBJC_IMPLEMENTATIONS = YES;
				CLANG_WARN_DIRECT_OBJC_ISA_USAGE = YES_ERROR;
				CLANG_WARN_DOCUMENTATION_COMMENTS = YES;
				CLANG_WARN_EMPTY_BODY = YES;
				CLANG_WARN_ENUM_CONVERSION = YES;
				CLANG_WARN_INFINITE_RECURSION = YES;
				CLANG_WARN_INT_CONVERSION = YES;
				CLANG_WARN_NON_LITERAL_NULL_CONVERSION = YES;
				CLANG_WARN_OBJC_IMPLICIT_RETAIN_SELF = YES;
				CLANG_WARN_OBJC_LITERAL_CONVERSION = YES;
				CLANG_WARN_OBJC_ROOT_CLASS = YES_ERROR;
				CLANG_WARN_RANGE_LOOP_ANALYSIS = YES;
				CLANG_WARN_STRICT_PROTOTYPES = YES;
				CLANG_WARN_SUSPICIOUS_MOVE = YES;
				CLANG_WARN_UNGUARDED_AVAILABILITY = YES_AGGRESSIVE;
				CLANG_WARN_UNREACHABLE_CODE = YES;
				CLANG_WARN__DUPLICATE_METHOD_MATCH = YES;
				COPY_PHASE_STRIP = NO;
				DEBUG_INFORMATION_FORMAT = "dwarf-with-dsym";
				ENABLE_NS_ASSERTIONS = NO;
				ENABLE_STRICT_OBJC_MSGSEND = YES;
				GCC_C_LANGUAGE_STANDARD = gnu11;
				GCC_NO_COMMON_BLOCKS = YES;
				GCC_WARN_64_TO_32_BIT_CONVERSION = YES;
				GCC_WARN_ABOUT_RETURN_TYPE = YES_ERROR;
				GCC_WARN_UNDECLARED_SELECTOR = YES;
				GCC_WARN_UNINITIALIZED_AUTOS = YES_AGGRESSIVE;
				GCC_WARN_UNUSED_FUNCTION = YES;
				GCC_WARN_UNUSED_VARIABLE = YES;
				MACOSX_DEPLOYMENT_TARGET = 10.15;
				MTL_ENABLE_DEBUG_INFO = NO;
				MTL_FAST_MATH = YES;
				SDKROOT = macosx;
				SWIFT_COMPILATION_MODE = wholemodule;
				SWIFT_OPTIMIZATION_LEVEL = "-O";
			};
			name = Release;
		};
		4EEE6604245EC8E100008CB1 /* Debug */ = {
			isa = XCBuildConfiguration;
			buildSettings = {
				ASSETCATALOG_COMPILER_APPICON_NAME = AppIcon;
				CODE_SIGN_ENTITLEMENTS = narru/narru.entitlements;
				CODE_SIGN_STYLE = Automatic;
				COMBINE_HIDPI_IMAGES = YES;
				DEVELOPMENT_TEAM = 4H3NSYH96J;
				ENABLE_HARDENED_RUNTIME = YES;
				INFOPLIST_FILE = narru/Info.plist;
				LD_RUNPATH_SEARCH_PATHS = (
					"$(inherited)",
					"@executable_path/../Frameworks",
				);
				PRODUCT_BUNDLE_IDENTIFIER = com.latiple.narru;
				PRODUCT_NAME = "$(TARGET_NAME)";
				SWIFT_VERSION = 5.0;
			};
			name = Debug;
		};
		4EEE6605245EC8E100008CB1 /* Release */ = {
			isa = XCBuildConfiguration;
			buildSettings = {
				ASSETCATALOG_COMPILER_APPICON_NAME = AppIcon;
				CODE_SIGN_ENTITLEMENTS = narru/narru.entitlements;
				CODE_SIGN_STYLE = Automatic;
				COMBINE_HIDPI_IMAGES = YES;
				DEVELOPMENT_TEAM = 4H3NSYH96J;
				ENABLE_HARDENED_RUNTIME = YES;
				INFOPLIST_FILE = narru/Info.plist;
				LD_RUNPATH_SEARCH_PATHS = (
					"$(inherited)",
					"@executable_path/../Frameworks",
				);
				PRODUCT_BUNDLE_IDENTIFIER = com.latiple.narru;
				PRODUCT_NAME = "$(TARGET_NAME)";
				SWIFT_VERSION = 5.0;
			};
			name = Release;
		};
/* End XCBuildConfiguration section */

/* Begin XCConfigurationList section */
		4EEE65EE245EC8DE00008CB1 /* Build configuration list for PBXProject "narru" */ = {
			isa = XCConfigurationList;
			buildConfigurations = (
				4EEE6601245EC8E100008CB1 /* Debug */,
				4EEE6602245EC8E100008CB1 /* Release */,
			);
			defaultConfigurationIsVisible = 0;
			defaultConfigurationName = Release;
		};
		4EEE6603245EC8E100008CB1 /* Build configuration list for PBXNativeTarget "narru" */ = {
			isa = XCConfigurationList;
			buildConfigurations = (
				4EEE6604245EC8E100008CB1 /* Debug */,
				4EEE6605245EC8E100008CB1 /* Release */,
			);
			defaultConfigurationIsVisible = 0;
			defaultConfigurationName = Release;
		};
/* End XCConfigurationList section */

/* Begin XCRemoteSwiftPackageReference section */
		4EEE6609245ED2B600008CB1 /* XCRemoteSwiftPackageReference "Alamofire" */ = {
			isa = XCRemoteSwiftPackageReference;
			repositoryURL = "https://github.com/Alamofire/Alamofire.git";
			requirement = {
				kind = upToNextMajorVersion;
				minimumVersion = 5.1.0;
			};
		};
/* End XCRemoteSwiftPackageReference section */

/* Begin XCSwiftPackageProductDependency section */
		4EEE660A245ED2B600008CB1 /* Alamofire */ = {
			isa = XCSwiftPackageProductDependency;
			package = 4EEE6609245ED2B600008CB1 /* XCRemoteSwiftPackageReference "Alamofire" */;
			productName = Alamofire;
		};
/* End XCSwiftPackageProductDependency section */
	};
	rootObject = 4EEE65EB245EC8DE00008CB1 /* Project object */;
}
